
Microsoft Visual Studio Solution File, Format Version 12.00
# Visual Studio Version 17
VisualStudioVersion = 17.14.36408.4 d17.14
MinimumVisualStudioVersion = 10.0.40219.1
Project("{FAE04EC0-301F-11D3-BF4B-00C04F79EFBC}") = "RoleBasedAuthentication", "RoleBasedAuthentication.csproj", "{2BB7AECA-6055-4C4F-98A7-46DB5073604C}"
EndProject
Global
	GlobalSection(SolutionConfigurationPlatforms) = preSolution
		Debug|Any CPU = Debug|Any CPU
		Release|Any CPU = Release|Any CPU
	EndGlobalSection
	GlobalSection(ProjectConfigurationPlatforms) = postSolution
		{2BB7AECA-6055-4C4F-98A7-46DB5073604C}.Debug|Any CPU.ActiveCfg = Debug|Any CPU
		{2BB7AECA-6055-4C4F-98A7-46DB5073604C}.Debug|Any CPU.Build.0 = Debug|Any CPU
		{2BB7AECA-6055-4C4F-98A7-46DB5073604C}.Release|Any CPU.ActiveCfg = Release|Any CPU
		{2BB7AECA-6055-4C4F-98A7-46DB5073604C}.Release|Any CPU.Build.0 = Release|Any CPU
	EndGlobalSection
	GlobalSection(SolutionProperties) = preSolution
		HideSolutionNode = FALSE
	EndGlobalSection
	GlobalSection(ExtensibilityGlobals) = postSolution
		SolutionGuid = {AE1B48C6-5540-4286-BC0D-5309C1CA3FE6}
	EndGlobalSection
EndGlobal
